
Microsoft Visual Studio Solution File, Format Version 12.00
# Visual Studio Version 16
VisualStudioVersion = 16.0.28803.202
MinimumVisualStudioVersion = 10.0.40219.1
Project("{FAE04EC0-301F-11D3-BF4B-00C04F79EFBC}") = "SubSetProblem", "SubSetProblem\SubSetProblem.csproj", "{7FA937C0-B419-4998-9400-06110641276F}"
EndProject
Global
	GlobalSection(SolutionConfigurationPlatforms) = preSolution
		Debug|Any CPU = Debug|Any CPU
		Release|Any CPU = Release|Any CPU
	EndGlobalSection
	GlobalSection(ProjectConfigurationPlatforms) = postSolution
		{7FA937C0-B419-4998-9400-06110641276F}.Debug|Any CPU.ActiveCfg = Debug|Any CPU
		{7FA937C0-B419-4998-9400-06110641276F}.Debug|Any CPU.Build.0 = Debug|Any CPU
		{7FA937C0-B419-4998-9400-06110641276F}.Release|Any CPU.ActiveCfg = Release|Any CPU
		{7FA937C0-B419-4998-9400-06110641276F}.Release|Any CPU.Build.0 = Release|Any CPU
	EndGlobalSection
	GlobalSection(SolutionProperties) = preSolution
		HideSolutionNode = FALSE
	EndGlobalSection
	GlobalSection(ExtensibilityGlobals) = postSolution
		SolutionGuid = {6F988C2E-5AC1-4AEE-8AB1-972C192120D5}
	EndGlobalSection
EndGlobal
